// !$*UTF8*$!
{
	archiveVersion = 1;
	classes = {
	};
	objectVersion = 46;
	objects = {

/* Begin PBXBuildFile section */
		F27499BC17608374008F62A7 /* yxtViewControllerBase.m in Sources */ = {isa = PBXBuildFile; fileRef = F27499BB17608374008F62A7 /* yxtViewControllerBase.m */; };
		F27499C1176085E8008F62A7 /* back1.png in Resources */ = {isa = PBXBuildFile; fileRef = F27499BF176085E8008F62A7 /* back1.png */; };
		F27499C2176085E8008F62A7 /* home1.png in Resources */ = {isa = PBXBuildFile; fileRef = F27499C0176085E8008F62A7 /* home1.png */; };
		F27499C41760862E008F62A7 /* iconLogin.png in Resources */ = {isa = PBXBuildFile; fileRef = F27499C31760862E008F62A7 /* iconLogin.png */; };
		F27499C817609106008F62A7 /* yxtForm.m in Sources */ = {isa = PBXBuildFile; fileRef = F27499C617609106008F62A7 /* yxtForm.m */; };
		F27499C917609106008F62A7 /* yxtForm.xib in Resources */ = {isa = PBXBuildFile; fileRef = F27499C717609106008F62A7 /* yxtForm.xib */; };
		F27499CD1760CFA8008F62A7 /* backgroundLogin.png in Resources */ = {isa = PBXBuildFile; fileRef = F27499CC1760CFA8008F62A7 /* backgroundLogin.png */; };
		F27499CF1760CFB3008F62A7 /* background.png in Resources */ = {isa = PBXBuildFile; fileRef = F27499CE1760CFB3008F62A7 /* background.png */; };
		F2781F5C17572A6200E1CEAF /* index2BtnYiliao.png in Resources */ = {isa = PBXBuildFile; fileRef = F2781F5B17572A6200E1CEAF /* index2BtnYiliao.png */; };
		F2781F6117572ACC00E1CEAF /* index2BtnAcity.png in Resources */ = {isa = PBXBuildFile; fileRef = F2781F5D17572ACC00E1CEAF /* index2BtnAcity.png */; };
		F2781F6217572ACC00E1CEAF /* index2BtnJxwb.png in Resources */ = {isa = PBXBuildFile; fileRef = F2781F5E17572ACC00E1CEAF /* index2BtnJxwb.png */; };
		F2781F6317572ACC00E1CEAF /* index2BtnMsdjt.png in Resources */ = {isa = PBXBuildFile; fileRef = F2781F5F17572ACC00E1CEAF /* index2BtnMsdjt.png */; };
		F2781F6417572ACC00E1CEAF /* index2BtnTyjx.png in Resources */ = {isa = PBXBuildFile; fileRef = F2781F6017572ACC00E1CEAF /* index2BtnTyjx.png */; };
		F2781F6B17572F0000E1CEAF /* indextab11.png in Resources */ = {isa = PBXBuildFile; fileRef = F2781F6517572F0000E1CEAF /* indextab11.png */; };
		F2781F6C17572F0000E1CEAF /* indextab12.png in Resources */ = {isa = PBXBuildFile; fileRef = F2781F6617572F0000E1CEAF /* indextab12.png */; };
		F2781F6D17572F0000E1CEAF /* indextab21.png in Resources */ = {isa = PBXBuildFile; fileRef = F2781F6717572F0000E1CEAF /* indextab21.png */; };
		F2781F6E17572F0000E1CEAF /* indextab22.png in Resources */ = {isa = PBXBuildFile; fileRef = F2781F6817572F0000E1CEAF /* indextab22.png */; };
		F2781F6F17572F0000E1CEAF /* indextab31.png in Resources */ = {isa = PBXBuildFile; fileRef = F2781F6917572F0000E1CEAF /* indextab31.png */; };
		F2781F7017572F0000E1CEAF /* indextab32.png in Resources */ = {isa = PBXBuildFile; fileRef = F2781F6A17572F0000E1CEAF /* indextab32.png */; };
		F2781F7E17574AB300E1CEAF /* yxtUtil.m in Sources */ = {isa = PBXBuildFile; fileRef = F2781F7D17574AB300E1CEAF /* yxtUtil.m */; };
		F2788AB81759ABCC001AD094 /* SystemConfiguration.framework in Frameworks */ = {isa = PBXBuildFile; fileRef = F2788AB71759ABCC001AD094 /* SystemConfiguration.framework */; };
		F2788ABC175A4FFF001AD094 /* yxtForm1.m in Sources */ = {isa = PBXBuildFile; fileRef = F2788ABA175A4FFA001AD094 /* yxtForm1.m */; };
		F2788ABD175A4FFF001AD094 /* yxtForm1.xib in Resources */ = {isa = PBXBuildFile; fileRef = F2788ABB175A4FFB001AD094 /* yxtForm1.xib */; };
		F278A8981758AB22007A4A85 /* yxtTab1.m in Sources */ = {isa = PBXBuildFile; fileRef = F278A8961758AB1F007A4A85 /* yxtTab1.m */; };
		F278A8991758AB22007A4A85 /* yxtTab1.xib in Resources */ = {isa = PBXBuildFile; fileRef = F278A8971758AB20007A4A85 /* yxtTab1.xib */; };
		F27A31F3175C5551003CD57F /* Security.framework in Frameworks */ = {isa = PBXBuildFile; fileRef = F27A31F2175C5551003CD57F /* Security.framework */; };
		F27A3222175C85CC003CD57F /* GTMBase64.m in Sources */ = {isa = PBXBuildFile; fileRef = F27A31EF175C5276003CD57F /* GTMBase64.m */; };
		F27A3223175C85CC003CD57F /* ThreeDES.m in Sources */ = {isa = PBXBuildFile; fileRef = F27A3221175C6B2F003CD57F /* ThreeDES.m */; };
		F27C00DE1723E5A7006B9DBE /* Icon.png in Resources */ = {isa = PBXBuildFile; fileRef = F27C00DD1723E5A7006B9DBE /* Icon.png */; };
		F2824E111761A16500D76C48 /* index2BtnMember.png in Resources */ = {isa = PBXBuildFile; fileRef = F2824E101761A16500D76C48 /* index2BtnMember.png */; };
		F282CCAE175DC3AC00478EB3 /* MBProgressHUD.m in Sources */ = {isa = PBXBuildFile; fileRef = F282CCAD175DBF4A00478EB3 /* MBProgressHUD.m */; };
		F289AA97175EEE1D000A0556 /* yxtDetail1.m in Sources */ = {isa = PBXBuildFile; fileRef = F289AA95175EEE1D000A0556 /* yxtDetail1.m */; };
		F289AA98175EEE1D000A0556 /* yxtDetail1.xib in Resources */ = {isa = PBXBuildFile; fileRef = F289AA96175EEE1D000A0556 /* yxtDetail1.xib */; };
		F289AAA0175F3609000A0556 /* yxtFormUser.m in Sources */ = {isa = PBXBuildFile; fileRef = F289AA9E175F3607000A0556 /* yxtFormUser.m */; };
		F289AAA1175F3609000A0556 /* yxtFormUser.xib in Resources */ = {isa = PBXBuildFile; fileRef = F289AA9F175F3608000A0556 /* yxtFormUser.xib */; };
		F28C9792172145B4009D8F1C /* index1BtnGrade.png in Resources */ = {isa = PBXBuildFile; fileRef = F28C978E172145B4009D8F1C /* index1BtnGrade.png */; };
		F28C9793172145B4009D8F1C /* index1BtnMessage.png in Resources */ = {isa = PBXBuildFile; fileRef = F28C978F172145B4009D8F1C /* index1BtnMessage.png */; };
		F28C9794172145B4009D8F1C /* index1BtnNotice.png in Resources */ = {isa = PBXBuildFile; fileRef = F28C9790172145B4009D8F1C /* index1BtnNotice.png */; };
		F28C9795172145B4009D8F1C /* index1BtnWork.png in Resources */ = {isa = PBXBuildFile; fileRef = F28C9791172145B4009D8F1C /* index1BtnWork.png */; };
		F28C979917214676009D8F1C /* index2Title.png in Resources */ = {isa = PBXBuildFile; fileRef = F28C979617214676009D8F1C /* index2Title.png */; };
		F28C979A17214676009D8F1C /* index3Title.png in Resources */ = {isa = PBXBuildFile; fileRef = F28C979717214676009D8F1C /* index3Title.png */; };
		F28C979B17214676009D8F1C /* index1Title.png in Resources */ = {isa = PBXBuildFile; fileRef = F28C979817214676009D8F1C /* index1Title.png */; };
		F2A7702F1720F5FD00CCEE55 /* UIKit.framework in Frameworks */ = {isa = PBXBuildFile; fileRef = F2A7702E1720F5FD00CCEE55 /* UIKit.framework */; };
		F2A770311720F5FD00CCEE55 /* Foundation.framework in Frameworks */ = {isa = PBXBuildFile; fileRef = F2A770301720F5FD00CCEE55 /* Foundation.framework */; };
		F2A770331720F5FD00CCEE55 /* CoreGraphics.framework in Frameworks */ = {isa = PBXBuildFile; fileRef = F2A770321720F5FD00CCEE55 /* CoreGraphics.framework */; };
		F2A770391720F5FD00CCEE55 /* InfoPlist.strings in Resources */ = {isa = PBXBuildFile; fileRef = F2A770371720F5FD00CCEE55 /* InfoPlist.strings */; };
		F2A7703B1720F5FD00CCEE55 /* main.m in Sources */ = {isa = PBXBuildFile; fileRef = F2A7703A1720F5FD00CCEE55 /* main.m */; };
		F2A7703F1720F5FD00CCEE55 /* yxtAppDelegate.m in Sources */ = {isa = PBXBuildFile; fileRef = F2A7703E1720F5FD00CCEE55 /* yxtAppDelegate.m */; };
		F2A770411720F5FD00CCEE55 /* Default.png in Resources */ = {isa = PBXBuildFile; fileRef = F2A770401720F5FD00CCEE55 /* Default.png */; };
		F2A770431720F5FD00CCEE55 /* Default@2x.png in Resources */ = {isa = PBXBuildFile; fileRef = F2A770421720F5FD00CCEE55 /* Default@2x.png */; };
		F2A770451720F5FD00CCEE55 /* Default-568h@2x.png in Resources */ = {isa = PBXBuildFile; fileRef = F2A770441720F5FD00CCEE55 /* Default-568h@2x.png */; };
		F2A770481720F5FD00CCEE55 /* yxtLogin.m in Sources */ = {isa = PBXBuildFile; fileRef = F2A770471720F5FD00CCEE55 /* yxtLogin.m */; };
		F2A7704B1720F5FD00CCEE55 /* yxtLogin.xib in Resources */ = {isa = PBXBuildFile; fileRef = F2A770491720F5FD00CCEE55 /* yxtLogin.xib */; };
		F2A770591720F80800CCEE55 /* Checkbox.m in Sources */ = {isa = PBXBuildFile; fileRef = F2A770571720F80800CCEE55 /* Checkbox.m */; };
		F2A7707A172138BE00CCEE55 /* yxtTab2.m in Sources */ = {isa = PBXBuildFile; fileRef = F2A77078172138BE00CCEE55 /* yxtTab2.m */; };
		F2A7707B172138BE00CCEE55 /* yxtTab2.xib in Resources */ = {isa = PBXBuildFile; fileRef = F2A77079172138BE00CCEE55 /* yxtTab2.xib */; };
		F2A7707F172138D400CCEE55 /* yxtTab3.m in Sources */ = {isa = PBXBuildFile; fileRef = F2A7707D172138D400CCEE55 /* yxtTab3.m */; };
		F2A77080172138D400CCEE55 /* yxtTab3.xib in Resources */ = {isa = PBXBuildFile; fileRef = F2A7707E172138D400CCEE55 /* yxtTab3.xib */; };
		F2B6BCA11756029300C3D37F /* yxtList1.m in Sources */ = {isa = PBXBuildFile; fileRef = F2B6BC9F1756029300C3D37F /* yxtList1.m */; };
		F2B6BCA21756029300C3D37F /* yxtList1.xib in Resources */ = {isa = PBXBuildFile; fileRef = F2B6BCA01756029300C3D37F /* yxtList1.xib */; };
		F2BF8929175AF62C0046FF56 /* arrow_down.png in Resources */ = {isa = PBXBuildFile; fileRef = F2BF8927175AF62C0046FF56 /* arrow_down.png */; };
		F2BF892A175AF62C0046FF56 /* arrow_up.png in Resources */ = {isa = PBXBuildFile; fileRef = F2BF8928175AF62C0046FF56 /* arrow_up.png */; };
		F2FC66CD175B23460076F50E /* account_ico.png in Resources */ = {isa = PBXBuildFile; fileRef = F2FC66CC175B23460076F50E /* account_ico.png */; };
		F2FC66D1175B264D0076F50E /* yxtWelcome.m in Sources */ = {isa = PBXBuildFile; fileRef = F2FC66CF175B264C0076F50E /* yxtWelcome.m */; };
		F2FC66D2175B264D0076F50E /* yxtWelcome.xib in Resources */ = {isa = PBXBuildFile; fileRef = F2FC66D0175B264C0076F50E /* yxtWelcome.xib */; };
/* End PBXBuildFile section */

/* Begin PBXFileReference section */
		F27499BA17608374008F62A7 /* yxtViewControllerBase.h */ = {isa = PBXFileReference; fileEncoding = 4; lastKnownFileType = sourcecode.c.h; path = yxtViewControllerBase.h; sourceTree = "<group>"; };
		F27499BB17608374008F62A7 /* yxtViewControllerBase.m */ = {isa = PBXFileReference; fileEncoding = 4; lastKnownFileType = sourcecode.c.objc; path = yxtViewControllerBase.m; sourceTree = "<group>"; };
		F27499BF176085E8008F62A7 /* back1.png */ = {isa = PBXFileReference; lastKnownFileType = image.png; path = back1.png; sourceTree = "<group>"; };
		F27499C0176085E8008F62A7 /* home1.png */ = {isa = PBXFileReference; lastKnownFileType = image.png; path = home1.png; sourceTree = "<group>"; };
		F27499C31760862E008F62A7 /* iconLogin.png */ = {isa = PBXFileReference; lastKnownFileType = image.png; path = iconLogin.png; sourceTree = "<group>"; };
		F27499C517609105008F62A7 /* yxtForm.h */ = {isa = PBXFileReference; fileEncoding = 4; lastKnownFileType = sourcecode.c.h; path = yxtForm.h; sourceTree = "<group>"; };
		F27499C617609106008F62A7 /* yxtForm.m */ = {isa = PBXFileReference; fileEncoding = 4; lastKnownFileType = sourcecode.c.objc; path = yxtForm.m; sourceTree = "<group>"; };
		F27499C717609106008F62A7 /* yxtForm.xib */ = {isa = PBXFileReference; fileEncoding = 4; lastKnownFileType = file.xib; path = yxtForm.xib; sourceTree = "<group>"; };
		F27499CC1760CFA8008F62A7 /* backgroundLogin.png */ = {isa = PBXFileReference; lastKnownFileType = image.png; path = backgroundLogin.png; sourceTree = "<group>"; };
		F27499CE1760CFB3008F62A7 /* background.png */ = {isa = PBXFileReference; lastKnownFileType = image.png; path = background.png; sourceTree = "<group>"; };
		F2781F5B17572A6200E1CEAF /* index2BtnYiliao.png */ = {isa = PBXFileReference; lastKnownFileType = image.png; path = index2BtnYiliao.png; sourceTree = "<group>"; };
		F2781F5D17572ACC00E1CEAF /* index2BtnAcity.png */ = {isa = PBXFileReference; lastKnownFileType = image.png; path = index2BtnAcity.png; sourceTree = "<group>"; };
		F2781F5E17572ACC00E1CEAF /* index2BtnJxwb.png */ = {isa = PBXFileReference; lastKnownFileType = image.png; path = index2BtnJxwb.png; sourceTree = "<group>"; };
		F2781F5F17572ACC00E1CEAF /* index2BtnMsdjt.png */ = {isa = PBXFileReference; lastKnownFileType = image.png; path = index2BtnMsdjt.png; sourceTree = "<group>"; };
		F2781F6017572ACC00E1CEAF /* index2BtnTyjx.png */ = {isa = PBXFileReference; lastKnownFileType = image.png; path = index2BtnTyjx.png; sourceTree = "<group>"; };
		F2781F6517572F0000E1CEAF /* indextab11.png */ = {isa = PBXFileReference; lastKnownFileType = image.png; path = indextab11.png; sourceTree = "<group>"; };
		F2781F6617572F0000E1CEAF /* indextab12.png */ = {isa = PBXFileReference; lastKnownFileType = image.png; path = indextab12.png; sourceTree = "<group>"; };
		F2781F6717572F0000E1CEAF /* indextab21.png */ = {isa = PBXFileReference; lastKnownFileType = image.png; path = indextab21.png; sourceTree = "<group>"; };
		F2781F6817572F0000E1CEAF /* indextab22.png */ = {isa = PBXFileReference; lastKnownFileType = image.png; path = indextab22.png; sourceTree = "<group>"; };
		F2781F6917572F0000E1CEAF /* indextab31.png */ = {isa = PBXFileReference; lastKnownFileType = image.png; path = indextab31.png; sourceTree = "<group>"; };
		F2781F6A17572F0000E1CEAF /* indextab32.png */ = {isa = PBXFileReference; lastKnownFileType = image.png; path = indextab32.png; sourceTree = "<group>"; };
		F2781F7C17574AB200E1CEAF /* yxtUtil.h */ = {isa = PBXFileReference; fileEncoding = 4; lastKnownFileType = sourcecode.c.h; path = yxtUtil.h; sourceTree = "<group>"; };
		F2781F7D17574AB300E1CEAF /* yxtUtil.m */ = {isa = PBXFileReference; fileEncoding = 4; lastKnownFileType = sourcecode.c.objc; path = yxtUtil.m; sourceTree = "<group>"; };
		F2788AB11759A8EB001AD094 /* QuartzCore.framework */ = {isa = PBXFileReference; lastKnownFileType = wrapper.framework; name = QuartzCore.framework; path = System/Library/Frameworks/QuartzCore.framework; sourceTree = SDKROOT; };
		F2788AB71759ABCC001AD094 /* SystemConfiguration.framework */ = {isa = PBXFileReference; lastKnownFileType = wrapper.framework; name = SystemConfiguration.framework; path = System/Library/Frameworks/SystemConfiguration.framework; sourceTree = SDKROOT; };
		F2788AB9175A4FF8001AD094 /* yxtForm1.h */ = {isa = PBXFileReference; fileEncoding = 4; lastKnownFileType = sourcecode.c.h; path = yxtForm1.h; sourceTree = "<group>"; };
		F2788ABA175A4FFA001AD094 /* yxtForm1.m */ = {isa = PBXFileReference; fileEncoding = 4; lastKnownFileType = sourcecode.c.objc; path = yxtForm1.m; sourceTree = "<group>"; };
		F2788ABB175A4FFB001AD094 /* yxtForm1.xib */ = {isa = PBXFileReference; fileEncoding = 4; lastKnownFileType = file.xib; path = yxtForm1.xib; sourceTree = "<group>"; };
		F278A8951758AB1E007A4A85 /* yxtTab1.h */ = {isa = PBXFileReference; fileEncoding = 4; lastKnownFileType = sourcecode.c.h; path = yxtTab1.h; sourceTree = "<group>"; };
		F278A8961758AB1F007A4A85 /* yxtTab1.m */ = {isa = PBXFileReference; fileEncoding = 4; lastKnownFileType = sourcecode.c.objc; path = yxtTab1.m; sourceTree = "<group>"; };
		F278A8971758AB20007A4A85 /* yxtTab1.xib */ = {isa = PBXFileReference; fileEncoding = 4; lastKnownFileType = file.xib; path = yxtTab1.xib; sourceTree = "<group>"; };
		F27A31EE175C5276003CD57F /* GTMBase64.h */ = {isa = PBXFileReference; lastKnownFileType = sourcecode.c.h; path = GTMBase64.h; sourceTree = "<group>"; };
		F27A31EF175C5276003CD57F /* GTMBase64.m */ = {isa = PBXFileReference; lastKnownFileType = sourcecode.c.objc; path = GTMBase64.m; sourceTree = "<group>"; };
		F27A31F1175C5423003CD57F /* GTMDefines.h */ = {isa = PBXFileReference; lastKnownFileType = sourcecode.c.h; path = GTMDefines.h; sourceTree = "<group>"; };
		F27A31F2175C5551003CD57F /* Security.framework */ = {isa = PBXFileReference; lastKnownFileType = wrapper.framework; name = Security.framework; path = System/Library/Frameworks/Security.framework; sourceTree = SDKROOT; };
		F27A3220175C6B2F003CD57F /* ThreeDES.h */ = {isa = PBXFileReference; lastKnownFileType = sourcecode.c.h; name = ThreeDES.h; path = ../../../../../Downloads/3DE/3DE/ThreeDES.h; sourceTree = "<group>"; };
		F27A3221175C6B2F003CD57F /* ThreeDES.m */ = {isa = PBXFileReference; lastKnownFileType = sourcecode.c.objc; name = ThreeDES.m; path = ../../../../../Downloads/3DE/3DE/ThreeDES.m; sourceTree = "<group>"; };
		F27C00DD1723E5A7006B9DBE /* Icon.png */ = {isa = PBXFileReference; lastKnownFileType = image.png; path = Icon.png; sourceTree = "<group>"; };
		F2824E101761A16500D76C48 /* index2BtnMember.png */ = {isa = PBXFileReference; lastKnownFileType = image.png; path = index2BtnMember.png; sourceTree = "<group>"; };
		F282CCAC175DBF4A00478EB3 /* MBProgressHUD.h */ = {isa = PBXFileReference; lastKnownFileType = sourcecode.c.h; path = MBProgressHUD.h; sourceTree = "<group>"; };
		F282CCAD175DBF4A00478EB3 /* MBProgressHUD.m */ = {isa = PBXFileReference; lastKnownFileType = sourcecode.c.objc; path = MBProgressHUD.m; sourceTree = "<group>"; };
		F289AA94175EEE1C000A0556 /* yxtDetail1.h */ = {isa = PBXFileReference; fileEncoding = 4; lastKnownFileType = sourcecode.c.h; path = yxtDetail1.h; sourceTree = "<group>"; };
		F289AA95175EEE1D000A0556 /* yxtDetail1.m */ = {isa = PBXFileReference; fileEncoding = 4; lastKnownFileType = sourcecode.c.objc; path = yxtDetail1.m; sourceTree = "<group>"; };
		F289AA96175EEE1D000A0556 /* yxtDetail1.xib */ = {isa = PBXFileReference; fileEncoding = 4; lastKnownFileType = file.xib; path = yxtDetail1.xib; sourceTree = "<group>"; };
		F289AA9D175F3606000A0556 /* yxtFormUser.h */ = {isa = PBXFileReference; fileEncoding = 4; lastKnownFileType = sourcecode.c.h; path = yxtFormUser.h; sourceTree = "<group>"; };
		F289AA9E175F3607000A0556 /* yxtFormUser.m */ = {isa = PBXFileReference; fileEncoding = 4; lastKnownFileType = sourcecode.c.objc; path = yxtFormUser.m; sourceTree = "<group>"; };
		F289AA9F175F3608000A0556 /* yxtFormUser.xib */ = {isa = PBXFileReference; fileEncoding = 4; lastKnownFileType = file.xib; path = yxtFormUser.xib; sourceTree = "<group>"; };
		F28C978E172145B4009D8F1C /* index1BtnGrade.png */ = {isa = PBXFileReference; lastKnownFileType = image.png; path = index1BtnGrade.png; sourceTree = "<group>"; };
		F28C978F172145B4009D8F1C /* index1BtnMessage.png */ = {isa = PBXFileReference; lastKnownFileType = image.png; path = index1BtnMessage.png; sourceTree = "<group>"; };
		F28C9790172145B4009D8F1C /* index1BtnNotice.png */ = {isa = PBXFileReference; lastKnownFileType = image.png; path = index1BtnNotice.png; sourceTree = "<group>"; };
		F28C9791172145B4009D8F1C /* index1BtnWork.png */ = {isa = PBXFileReference; lastKnownFileType = image.png; path = index1BtnWork.png; sourceTree = "<group>"; };
		F28C979617214676009D8F1C /* index2Title.png */ = {isa = PBXFileReference; lastKnownFileType = image.png; path = index2Title.png; sourceTree = "<group>"; };
		F28C979717214676009D8F1C /* index3Title.png */ = {isa = PBXFileReference; lastKnownFileType = image.png; path = index3Title.png; sourceTree = "<group>"; };
		F28C979817214676009D8F1C /* index1Title.png */ = {isa = PBXFileReference; lastKnownFileType = image.png; path = index1Title.png; sourceTree = "<group>"; };
		F2A7702B1720F5FD00CCEE55 /* yxt.app */ = {isa = PBXFileReference; explicitFileType = wrapper.application; includeInIndex = 0; path = yxt.app; sourceTree = BUILT_PRODUCTS_DIR; };
		F2A7702E1720F5FD00CCEE55 /* UIKit.framework */ = {isa = PBXFileReference; lastKnownFileType = wrapper.framework; name = UIKit.framework; path = System/Library/Frameworks/UIKit.framework; sourceTree = SDKROOT; };
		F2A770301720F5FD00CCEE55 /* Foundation.framework */ = {isa = PBXFileReference; lastKnownFileType = wrapper.framework; name = Foundation.framework; path = System/Library/Frameworks/Foundation.framework; sourceTree = SDKROOT; };
		F2A770321720F5FD00CCEE55 /* CoreGraphics.framework */ = {isa = PBXFileReference; lastKnownFileType = wrapper.framework; name = CoreGraphics.framework; path = System/Library/Frameworks/CoreGraphics.framework; sourceTree = SDKROOT; };
		F2A770361720F5FD00CCEE55 /* yxt-Info.plist */ = {isa = PBXFileReference; lastKnownFileType = text.plist.xml; path = "yxt-Info.plist"; sourceTree = "<group>"; };
		F2A770381720F5FD00CCEE55 /* en */ = {isa = PBXFileReference; lastKnownFileType = text.plist.strings; name = en; path = en.lproj/InfoPlist.strings; sourceTree = "<group>"; };
		F2A7703A1720F5FD00CCEE55 /* main.m */ = {isa = PBXFileReference; lastKnownFileType = sourcecode.c.objc; path = main.m; sourceTree = "<group>"; };
		F2A7703C1720F5FD00CCEE55 /* yxt-Prefix.pch */ = {isa = PBXFileReference; lastKnownFileType = sourcecode.c.h; path = "yxt-Prefix.pch"; sourceTree = "<group>"; };
		F2A7703D1720F5FD00CCEE55 /* yxtAppDelegate.h */ = {isa = PBXFileReference; lastKnownFileType = sourcecode.c.h; name = yxtAppDelegate.h; path = ../yxtAppDelegate.h; sourceTree = "<group>"; };
		F2A7703E1720F5FD00CCEE55 /* yxtAppDelegate.m */ = {isa = PBXFileReference; lastKnownFileType = sourcecode.c.objc; name = yxtAppDelegate.m; path = ../yxtAppDelegate.m; sourceTree = "<group>"; };
		F2A770401720F5FD00CCEE55 /* Default.png */ = {isa = PBXFileReference; lastKnownFileType = image.png; path = Default.png; sourceTree = "<group>"; };
		F2A770421720F5FD00CCEE55 /* Default@2x.png */ = {isa = PBXFileReference; lastKnownFileType = image.png; path = "Default@2x.png"; sourceTree = "<group>"; };
		F2A770441720F5FD00CCEE55 /* Default-568h@2x.png */ = {isa = PBXFileReference; lastKnownFileType = image.png; path = "Default-568h@2x.png"; sourceTree = "<group>"; };
		F2A770461720F5FD00CCEE55 /* yxtLogin.h */ = {isa = PBXFileReference; lastKnownFileType = sourcecode.c.h; name = yxtLogin.h; path = ../yxtLogin.h; sourceTree = "<group>"; };
		F2A770471720F5FD00CCEE55 /* yxtLogin.m */ = {isa = PBXFileReference; lastKnownFileType = sourcecode.c.objc; name = yxtLogin.m; path = ../yxtLogin.m; sourceTree = "<group>"; };
		F2A7704A1720F5FD00CCEE55 /* en */ = {isa = PBXFileReference; lastKnownFileType = file.xib; name = en; path = en.lproj/yxtLogin.xib; sourceTree = "<group>"; };
		F2A770571720F80800CCEE55 /* Checkbox.m */ = {isa = PBXFileReference; fileEncoding = 4; lastKnownFileType = sourcecode.c.objc; path = Checkbox.m; sourceTree = "<group>"; };
		F2A770581720F80800CCEE55 /* Checkbox.h */ = {isa = PBXFileReference; fileEncoding = 4; lastKnownFileType = sourcecode.c.h; path = Checkbox.h; sourceTree = "<group>"; };
		F2A77077172138BD00CCEE55 /* yxtTab2.h */ = {isa = PBXFileReference; fileEncoding = 4; lastKnownFileType = sourcecode.c.h; path = yxtTab2.h; sourceTree = "<group>"; };
		F2A77078172138BE00CCEE55 /* yxtTab2.m */ = {isa = PBXFileReference; fileEncoding = 4; lastKnownFileType = sourcecode.c.objc; path = yxtTab2.m; sourceTree = "<group>"; };
		F2A77079172138BE00CCEE55 /* yxtTab2.xib */ = {isa = PBXFileReference; fileEncoding = 4; lastKnownFileType = file.xib; path = yxtTab2.xib; sourceTree = "<group>"; };
		F2A7707C172138D400CCEE55 /* yxtTab3.h */ = {isa = PBXFileReference; fileEncoding = 4; lastKnownFileType = sourcecode.c.h; path = yxtTab3.h; sourceTree = "<group>"; };
		F2A7707D172138D400CCEE55 /* yxtTab3.m */ = {isa = PBXFileReference; fileEncoding = 4; lastKnownFileType = sourcecode.c.objc; path = yxtTab3.m; sourceTree = "<group>"; };
		F2A7707E172138D400CCEE55 /* yxtTab3.xib */ = {isa = PBXFileReference; fileEncoding = 4; lastKnownFileType = file.xib; path = yxtTab3.xib; sourceTree = "<group>"; };
		F2B6BC9E1756029300C3D37F /* yxtList1.h */ = {isa = PBXFileReference; fileEncoding = 4; lastKnownFileType = sourcecode.c.h; path = yxtList1.h; sourceTree = "<group>"; };
		F2B6BC9F1756029300C3D37F /* yxtList1.m */ = {isa = PBXFileReference; fileEncoding = 4; lastKnownFileType = sourcecode.c.objc; path = yxtList1.m; sourceTree = "<group>"; };
		F2B6BCA01756029300C3D37F /* yxtList1.xib */ = {isa = PBXFileReference; fileEncoding = 4; lastKnownFileType = file.xib; path = yxtList1.xib; sourceTree = "<group>"; };
		F2BF8927175AF62C0046FF56 /* arrow_down.png */ = {isa = PBXFileReference; lastKnownFileType = image.png; path = arrow_down.png; sourceTree = "<group>"; };
		F2BF8928175AF62C0046FF56 /* arrow_up.png */ = {isa = PBXFileReference; lastKnownFileType = image.png; path = arrow_up.png; sourceTree = "<group>"; };
		F2FC66CC175B23460076F50E /* account_ico.png */ = {isa = PBXFileReference; lastKnownFileType = image.png; path = account_ico.png; sourceTree = "<group>"; };
		F2FC66CE175B264C0076F50E /* yxtWelcome.h */ = {isa = PBXFileReference; fileEncoding = 4; lastKnownFileType = sourcecode.c.h; path = yxtWelcome.h; sourceTree = "<group>"; };
		F2FC66CF175B264C0076F50E /* yxtWelcome.m */ = {isa = PBXFileReference; fileEncoding = 4; lastKnownFileType = sourcecode.c.objc; path = yxtWelcome.m; sourceTree = "<group>"; };
		F2FC66D0175B264C0076F50E /* yxtWelcome.xib */ = {isa = PBXFileReference; fileEncoding = 4; lastKnownFileType = file.xib; path = yxtWelcome.xib; sourceTree = "<group>"; };
/* End PBXFileReference section */

/* Begin PBXFrameworksBuildPhase section */
		F2A770281720F5FD00CCEE55 /* Frameworks */ = {
			isa = PBXFrameworksBuildPhase;
			buildActionMask = 2147483647;
			files = (
				F27A31F3175C5551003CD57F /* Security.framework in Frameworks */,
				F2788AB81759ABCC001AD094 /* SystemConfiguration.framework in Frameworks */,
				F2A7702F1720F5FD00CCEE55 /* UIKit.framework in Frameworks */,
				F2A770311720F5FD00CCEE55 /* Foundation.framework in Frameworks */,
				F2A770331720F5FD00CCEE55 /* CoreGraphics.framework in Frameworks */,
			);
			runOnlyForDeploymentPostprocessing = 0;
		};
/* End PBXFrameworksBuildPhase section */

/* Begin PBXGroup section */
		F2824E121761A1EC00D76C48 /* framework */ = {
			isa = PBXGroup;
			children = (
				F27A31F2175C5551003CD57F /* Security.framework */,
				F2788AB71759ABCC001AD094 /* SystemConfiguration.framework */,
				F2788AB11759A8EB001AD094 /* QuartzCore.framework */,
			);
			name = framework;
			sourceTree = "<group>";
		};
		F2A770221720F5FD00CCEE55 = {
			isa = PBXGroup;
			children = (
				F2A770671720FA6B00CCEE55 /* main */,
				F2824E121761A1EC00D76C48 /* framework */,
				F2A7702D1720F5FD00CCEE55 /* Frameworks */,
				F2A7702C1720F5FD00CCEE55 /* Products */,
			);
			sourceTree = "<group>";
		};
		F2A7702C1720F5FD00CCEE55 /* Products */ = {
			isa = PBXGroup;
			children = (
				F2A7702B1720F5FD00CCEE55 /* yxt.app */,
			);
			name = Products;
			sourceTree = "<group>";
		};
		F2A7702D1720F5FD00CCEE55 /* Frameworks */ = {
			isa = PBXGroup;
			children = (
				F2A7702E1720F5FD00CCEE55 /* UIKit.framework */,
				F2A770301720F5FD00CCEE55 /* Foundation.framework */,
				F2A770321720F5FD00CCEE55 /* CoreGraphics.framework */,
			);
			name = Frameworks;
			sourceTree = "<group>";
		};
		F2A770351720F5FD00CCEE55 /* Supporting Files */ = {
			isa = PBXGroup;
			children = (
				F2A770361720F5FD00CCEE55 /* yxt-Info.plist */,
				F2A770371720F5FD00CCEE55 /* InfoPlist.strings */,
				F2A7703A1720F5FD00CCEE55 /* main.m */,
				F2A7703C1720F5FD00CCEE55 /* yxt-Prefix.pch */,
				F2A770401720F5FD00CCEE55 /* Default.png */,
				F2A770421720F5FD00CCEE55 /* Default@2x.png */,
				F2A770441720F5FD00CCEE55 /* Default-568h@2x.png */,
			);
			name = "Supporting Files";
			path = ..;
			sourceTree = "<group>";
		};
		F2A770511720F67500CCEE55 /* res */ = {
			isa = PBXGroup;
			children = (
				F2FC66CC175B23460076F50E /* account_ico.png */,
				F2BF8927175AF62C0046FF56 /* arrow_down.png */,
				F2BF8928175AF62C0046FF56 /* arrow_up.png */,
				F27499BF176085E8008F62A7 /* back1.png */,
				F27499CE1760CFB3008F62A7 /* background.png */,
				F27499CC1760CFA8008F62A7 /* backgroundLogin.png */,
				F27499C0176085E8008F62A7 /* home1.png */,
				F27C00DD1723E5A7006B9DBE /* Icon.png */,
				F27499C31760862E008F62A7 /* iconLogin.png */,
				F28C978E172145B4009D8F1C /* index1BtnGrade.png */,
				F28C978F172145B4009D8F1C /* index1BtnMessage.png */,
				F28C9790172145B4009D8F1C /* index1BtnNotice.png */,
				F28C9791172145B4009D8F1C /* index1BtnWork.png */,
				F28C979817214676009D8F1C /* index1Title.png */,
				F2781F5D17572ACC00E1CEAF /* index2BtnAcity.png */,
				F2781F5E17572ACC00E1CEAF /* index2BtnJxwb.png */,
				F2824E101761A16500D76C48 /* index2BtnMember.png */,
				F2781F5F17572ACC00E1CEAF /* index2BtnMsdjt.png */,
				F2781F6017572ACC00E1CEAF /* index2BtnTyjx.png */,
				F2781F5B17572A6200E1CEAF /* index2BtnYiliao.png */,
				F28C979617214676009D8F1C /* index2Title.png */,
				F28C979717214676009D8F1C /* index3Title.png */,
				F2781F6517572F0000E1CEAF /* indextab11.png */,
				F2781F6617572F0000E1CEAF /* indextab12.png */,
				F2781F6717572F0000E1CEAF /* indextab21.png */,
				F2781F6817572F0000E1CEAF /* indextab22.png */,
				F2781F6917572F0000E1CEAF /* indextab31.png */,
				F2781F6A17572F0000E1CEAF /* indextab32.png */,
			);
			name = res;
			path = ../res;
			sourceTree = "<group>";
		};
		F2A770541720F7AC00CCEE55 /* utility */ = {
			isa = PBXGroup;
			children = (
				F2A770581720F80800CCEE55 /* Checkbox.h */,
				F2A770571720F80800CCEE55 /* Checkbox.m */,
				F27A31EE175C5276003CD57F /* GTMBase64.h */,
				F27A31EF175C5276003CD57F /* GTMBase64.m */,
				F27A31F1175C5423003CD57F /* GTMDefines.h */,
				F282CCAC175DBF4A00478EB3 /* MBProgressHUD.h */,
				F282CCAD175DBF4A00478EB3 /* MBProgressHUD.m */,
				F27A3220175C6B2F003CD57F /* ThreeDES.h */,
				F27A3221175C6B2F003CD57F /* ThreeDES.m */,
				F27499BA17608374008F62A7 /* yxtViewControllerBase.h */,
				F27499BB17608374008F62A7 /* yxtViewControllerBase.m */,
			);
			name = utility;
			path = ../utility;
			sourceTree = "<group>";
		};
		F2A770671720FA6B00CCEE55 /* main */ = {
			isa = PBXGroup;
			children = (
				F2A770541720F7AC00CCEE55 /* utility */,
				F2A770511720F67500CCEE55 /* res */,
				F2A7703D1720F5FD00CCEE55 /* yxtAppDelegate.h */,
				F2A7703E1720F5FD00CCEE55 /* yxtAppDelegate.m */,
				F2A770351720F5FD00CCEE55 /* Supporting Files */,
				F289AA94175EEE1C000A0556 /* yxtDetail1.h */,
				F289AA95175EEE1D000A0556 /* yxtDetail1.m */,
				F289AA96175EEE1D000A0556 /* yxtDetail1.xib */,
				F27499C517609105008F62A7 /* yxtForm.h */,
				F27499C617609106008F62A7 /* yxtForm.m */,
				F27499C717609106008F62A7 /* yxtForm.xib */,
				F2788AB9175A4FF8001AD094 /* yxtForm1.h */,
				F2788ABA175A4FFA001AD094 /* yxtForm1.m */,
				F2788ABB175A4FFB001AD094 /* yxtForm1.xib */,
				F289AA9D175F3606000A0556 /* yxtFormUser.h */,
				F289AA9E175F3607000A0556 /* yxtFormUser.m */,
				F289AA9F175F3608000A0556 /* yxtFormUser.xib */,
				F2B6BC9E1756029300C3D37F /* yxtList1.h */,
				F2B6BC9F1756029300C3D37F /* yxtList1.m */,
				F2B6BCA01756029300C3D37F /* yxtList1.xib */,
				F2A770461720F5FD00CCEE55 /* yxtLogin.h */,
				F2A770471720F5FD00CCEE55 /* yxtLogin.m */,
				F2A770491720F5FD00CCEE55 /* yxtLogin.xib */,
				F278A8951758AB1E007A4A85 /* yxtTab1.h */,
				F278A8961758AB1F007A4A85 /* yxtTab1.m */,
				F278A8971758AB20007A4A85 /* yxtTab1.xib */,
				F2A77077172138BD00CCEE55 /* yxtTab2.h */,
				F2A77078172138BE00CCEE55 /* yxtTab2.m */,
				F2A77079172138BE00CCEE55 /* yxtTab2.xib */,
				F2A7707C172138D400CCEE55 /* yxtTab3.h */,
				F2A7707D172138D400CCEE55 /* yxtTab3.m */,
				F2A7707E172138D400CCEE55 /* yxtTab3.xib */,
				F2781F7C17574AB200E1CEAF /* yxtUtil.h */,
				F2781F7D17574AB300E1CEAF /* yxtUtil.m */,
				F2FC66CE175B264C0076F50E /* yxtWelcome.h */,
				F2FC66CF175B264C0076F50E /* yxtWelcome.m */,
				F2FC66D0175B264C0076F50E /* yxtWelcome.xib */,
			);
			name = main;
			path = yxt/main;
			sourceTree = "<group>";
		};
/* End PBXGroup section */

/* Begin PBXNativeTarget section */
		F2A7702A1720F5FD00CCEE55 /* yxt */ = {
			isa = PBXNativeTarget;
			buildConfigurationList = F2A7704E1720F5FD00CCEE55 /* Build configuration list for PBXNativeTarget "yxt" */;
			buildPhases = (
				F2A770271720F5FD00CCEE55 /* Sources */,
				F2A770281720F5FD00CCEE55 /* Frameworks */,
				F2A770291720F5FD00CCEE55 /* Resources */,
			);
			buildRules = (
			);
			dependencies = (
			);
			name = yxt;
			productName = yxt;
			productReference = F2A7702B1720F5FD00CCEE55 /* yxt.app */;
			productType = "com.apple.product-type.application";
		};
/* End PBXNativeTarget section */

/* Begin PBXProject section */
		F2A770231720F5FD00CCEE55 /* Project object */ = {
			isa = PBXProject;
			attributes = {
				CLASSPREFIX = yxt;
				LastUpgradeCheck = 0460;
				ORGANIZATIONNAME = com.landwing.yxt;
			};
			buildConfigurationList = F2A770261720F5FD00CCEE55 /* Build configuration list for PBXProject "yxt" */;
			compatibilityVersion = "Xcode 3.2";
			developmentRegion = English;
			hasScannedForEncodings = 0;
			knownRegions = (
				en,
			);
			mainGroup = F2A770221720F5FD00CCEE55;
			productRefGroup = F2A7702C1720F5FD00CCEE55 /* Products */;
			projectDirPath = "";
			projectRoot = "";
			targets = (
				F2A7702A1720F5FD00CCEE55 /* yxt */,
			);
		};
/* End PBXProject section */

/* Begin PBXResourcesBuildPhase section */
		F2A770291720F5FD00CCEE55 /* Resources */ = {
			isa = PBXResourcesBuildPhase;
			buildActionMask = 2147483647;
			files = (
				F2A770391720F5FD00CCEE55 /* InfoPlist.strings in Resources */,
				F2A770411720F5FD00CCEE55 /* Default.png in Resources */,
				F2A770431720F5FD00CCEE55 /* Default@2x.png in Resources */,
				F2A770451720F5FD00CCEE55 /* Default-568h@2x.png in Resources */,
				F2A7704B1720F5FD00CCEE55 /* yxtLogin.xib in Resources */,
				F2A7707B172138BE00CCEE55 /* yxtTab2.xib in Resources */,
				F2A77080172138D400CCEE55 /* yxtTab3.xib in Resources */,
				F28C9792172145B4009D8F1C /* index1BtnGrade.png in Resources */,
				F28C9793172145B4009D8F1C /* index1BtnMessage.png in Resources */,
				F28C9794172145B4009D8F1C /* index1BtnNotice.png in Resources */,
				F28C9795172145B4009D8F1C /* index1BtnWork.png in Resources */,
				F28C979917214676009D8F1C /* index2Title.png in Resources */,
				F28C979A17214676009D8F1C /* index3Title.png in Resources */,
				F28C979B17214676009D8F1C /* index1Title.png in Resources */,
				F27C00DE1723E5A7006B9DBE /* Icon.png in Resources */,
				F2B6BCA21756029300C3D37F /* yxtList1.xib in Resources */,
				F2781F5C17572A6200E1CEAF /* index2BtnYiliao.png in Resources */,
				F2781F6117572ACC00E1CEAF /* index2BtnAcity.png in Resources */,
				F2781F6217572ACC00E1CEAF /* index2BtnJxwb.png in Resources */,
				F2781F6317572ACC00E1CEAF /* index2BtnMsdjt.png in Resources */,
				F2781F6417572ACC00E1CEAF /* index2BtnTyjx.png in Resources */,
				F2781F6B17572F0000E1CEAF /* indextab11.png in Resources */,
				F2781F6C17572F0000E1CEAF /* indextab12.png in Resources */,
				F2781F6D17572F0000E1CEAF /* indextab21.png in Resources */,
				F2781F6E17572F0000E1CEAF /* indextab22.png in Resources */,
				F2781F6F17572F0000E1CEAF /* indextab31.png in Resources */,
				F2781F7017572F0000E1CEAF /* indextab32.png in Resources */,
				F278A8991758AB22007A4A85 /* yxtTab1.xib in Resources */,
				F2788ABD175A4FFF001AD094 /* yxtForm1.xib in Resources */,
				F2BF8929175AF62C0046FF56 /* arrow_down.png in Resources */,
				F2BF892A175AF62C0046FF56 /* arrow_up.png in Resources */,
				F2FC66CD175B23460076F50E /* account_ico.png in Resources */,
				F2FC66D2175B264D0076F50E /* yxtWelcome.xib in Resources */,
				F289AA98175EEE1D000A0556 /* yxtDetail1.xib in Resources */,
				F289AAA1175F3609000A0556 /* yxtFormUser.xib in Resources */,
				F27499C1176085E8008F62A7 /* back1.png in Resources */,
				F27499C2176085E8008F62A7 /* home1.png in Resources */,
				F27499C41760862E008F62A7 /* iconLogin.png in Resources */,
				F27499C917609106008F62A7 /* yxtForm.xib in Resources */,
				F27499CD1760CFA8008F62A7 /* backgroundLogin.png in Resources */,
				F27499CF1760CFB3008F62A7 /* background.png in Resources */,
				F2824E111761A16500D76C48 /* index2BtnMember.png in Resources */,
			);
			runOnlyForDeploymentPostprocessing = 0;
		};
/* End PBXResourcesBuildPhase section */

/* Begin PBXSourcesBuildPhase section */
		F2A770271720F5FD00CCEE55 /* Sources */ = {
			isa = PBXSourcesBuildPhase;
			buildActionMask = 2147483647;
			files = (
				F282CCAE175DC3AC00478EB3 /* MBProgressHUD.m in Sources */,
				F27A3222175C85CC003CD57F /* GTMBase64.m in Sources */,
				F27A3223175C85CC003CD57F /* ThreeDES.m in Sources */,
				F2A7703B1720F5FD00CCEE55 /* main.m in Sources */,
				F2A7703F1720F5FD00CCEE55 /* yxtAppDelegate.m in Sources */,
				F2A770481720F5FD00CCEE55 /* yxtLogin.m in Sources */,
				F2A770591720F80800CCEE55 /* Checkbox.m in Sources */,
				F2A7707A172138BE00CCEE55 /* yxtTab2.m in Sources */,
				F2A7707F172138D400CCEE55 /* yxtTab3.m in Sources */,
				F2B6BCA11756029300C3D37F /* yxtList1.m in Sources */,
				F2781F7E17574AB300E1CEAF /* yxtUtil.m in Sources */,
				F278A8981758AB22007A4A85 /* yxtTab1.m in Sources */,
				F2788ABC175A4FFF001AD094 /* yxtForm1.m in Sources */,
				F2FC66D1175B264D0076F50E /* yxtWelcome.m in Sources */,
				F289AA97175EEE1D000A0556 /* yxtDetail1.m in Sources */,
				F289AAA0175F3609000A0556 /* yxtFormUser.m in Sources */,
				F27499BC17608374008F62A7 /* yxtViewControllerBase.m in Sources */,
				F27499C817609106008F62A7 /* yxtForm.m in Sources */,
			);
			runOnlyForDeploymentPostprocessing = 0;
		};
/* End PBXSourcesBuildPhase section */

/* Begin PBXVariantGroup section */
		F2A770371720F5FD00CCEE55 /* InfoPlist.strings */ = {
			isa = PBXVariantGroup;
			children = (
				F2A770381720F5FD00CCEE55 /* en */,
			);
			name = InfoPlist.strings;
			sourceTree = "<group>";
		};
		F2A770491720F5FD00CCEE55 /* yxtLogin.xib */ = {
			isa = PBXVariantGroup;
			children = (
				F2A7704A1720F5FD00CCEE55 /* en */,
			);
			name = yxtLogin.xib;
			path = ..;
			sourceTree = "<group>";
		};
/* End PBXVariantGroup section */

/* Begin XCBuildConfiguration section */
		F2A7704C1720F5FD00CCEE55 /* Debug */ = {
			isa = XCBuildConfiguration;
			buildSettings = {
				ALWAYS_SEARCH_USER_PATHS = NO;
				CLANG_CXX_LANGUAGE_STANDARD = "gnu++0x";
				CLANG_CXX_LIBRARY = "libc++";
				CLANG_ENABLE_OBJC_ARC = YES;
				CLANG_WARN_CONSTANT_CONVERSION = YES;
				CLANG_WARN_EMPTY_BODY = YES;
				CLANG_WARN_ENUM_CONVERSION = YES;
				CLANG_WARN_INT_CONVERSION = YES;
				CLANG_WARN__DUPLICATE_METHOD_MATCH = YES;
				"CODE_SIGN_IDENTITY[sdk=iphoneos*]" = "iPhone Developer";
				COPY_PHASE_STRIP = NO;
				GCC_C_LANGUAGE_STANDARD = gnu99;
				GCC_DYNAMIC_NO_PIC = NO;
				GCC_OPTIMIZATION_LEVEL = 0;
				GCC_PREPROCESSOR_DEFINITIONS = (
					"DEBUG=1",
					"$(inherited)",
				);
				GCC_SYMBOLS_PRIVATE_EXTERN = NO;
				GCC_WARN_ABOUT_RETURN_TYPE = YES;
				GCC_WARN_UNINITIALIZED_AUTOS = YES;
				GCC_WARN_UNUSED_VARIABLE = YES;
				IPHONEOS_DEPLOYMENT_TARGET = 5.0;
				ONLY_ACTIVE_ARCH = YES;
				SDKROOT = iphoneos;
			};
			name = Debug;
		};
		F2A7704D1720F5FD00CCEE55 /* Release */ = {
			isa = XCBuildConfiguration;
			buildSettings = {
				ALWAYS_SEARCH_USER_PATHS = NO;
				CLANG_CXX_LANGUAGE_STANDARD = "gnu++0x";
				CLANG_CXX_LIBRARY = "libc++";
				CLANG_ENABLE_OBJC_ARC = YES;
				CLANG_WARN_CONSTANT_CONVERSION = YES;
				CLANG_WARN_EMPTY_BODY = YES;
				CLANG_WARN_ENUM_CONVERSION = YES;
				CLANG_WARN_INT_CONVERSION = YES;
				CLANG_WARN__DUPLICATE_METHOD_MATCH = YES;
				"CODE_SIGN_IDENTITY[sdk=iphoneos*]" = "iPhone Distribution: Fuzhou Landwing Network Technology Co.,Ltd (BV4PENW86U)";
				COPY_PHASE_STRIP = YES;
				GCC_C_LANGUAGE_STANDARD = gnu99;
				GCC_WARN_ABOUT_RETURN_TYPE = YES;
				GCC_WARN_UNINITIALIZED_AUTOS = YES;
				GCC_WARN_UNUSED_VARIABLE = YES;
				IPHONEOS_DEPLOYMENT_TARGET = 5.0;
				OTHER_CFLAGS = "-DNS_BLOCK_ASSERTIONS=1";
				"PROVISIONING_PROFILE[sdk=iphoneos*]" = "5DE9658D-2CE3-4E12-91F6-71F26D3A91B5";
				SDKROOT = iphoneos;
				VALIDATE_PRODUCT = YES;
			};
			name = Release;
		};
		F2A7704F1720F5FD00CCEE55 /* Debug */ = {
			isa = XCBuildConfiguration;
			buildSettings = {
				GCC_PRECOMPILE_PREFIX_HEADER = YES;
				GCC_PREFIX_HEADER = "yxt/yxt-Prefix.pch";
				INFOPLIST_FILE = "yxt/yxt-Info.plist";
				IPHONEOS_DEPLOYMENT_TARGET = 5.0;
				PRODUCT_NAME = "$(TARGET_NAME)";
				SDKROOT = iphoneos6.1;
				TARGETED_DEVICE_FAMILY = 1;
				WRAPPER_EXTENSION = app;
			};
			name = Debug;
		};
		F2A770501720F5FD00CCEE55 /* Release */ = {
			isa = XCBuildConfiguration;
			buildSettings = {
				GCC_PRECOMPILE_PREFIX_HEADER = YES;
				GCC_PREFIX_HEADER = "yxt/yxt-Prefix.pch";
				INFOPLIST_FILE = "yxt/yxt-Info.plist";
				IPHONEOS_DEPLOYMENT_TARGET = 5.0;
				PRODUCT_NAME = "$(TARGET_NAME)";
				SDKROOT = iphoneos6.1;
				TARGETED_DEVICE_FAMILY = 1;
				WRAPPER_EXTENSION = app;
			};
			name = Release;
		};
/* End XCBuildConfiguration section */

/* Begin XCConfigurationList section */
		F2A770261720F5FD00CCEE55 /* Build configuration list for PBXProject "yxt" */ = {
			isa = XCConfigurationList;
			buildConfigurations = (
				F2A7704C1720F5FD00CCEE55 /* Debug */,
				F2A7704D1720F5FD00CCEE55 /* Release */,
			);
			defaultConfigurationIsVisible = 0;
			defaultConfigurationName = Release;
		};
		F2A7704E1720F5FD00CCEE55 /* Build configuration list for PBXNativeTarget "yxt" */ = {
			isa = XCConfigurationList;
			buildConfigurations = (
				F2A7704F1720F5FD00CCEE55 /* Debug */,
				F2A770501720F5FD00CCEE55 /* Release */,
			);
			defaultConfigurationIsVisible = 0;
			defaultConfigurationName = Release;
		};
/* End XCConfigurationList section */
	};
	rootObject = F2A770231720F5FD00CCEE55 /* Project object */;
}
